<Solution>

	<Configurations>
		<Platform Name="Any CPU" />
		<Platform Name="x64" />
		<Platform Name="x86" />
	</Configurations>

	<Project Path="Database.ToolKit/DatabaseLibraryNet/DigitalZenWorks.Database.ToolKit.csproj" />
	<Project Path="Database.ToolKit/DatabaseLibraryNetTests/DigitalZenWorks.Database.ToolKit.Tests.csproj" />
	<Project Path="MsAccessJetAceTool.Tests/MsAccessJetAceTool.Tests.csproj" />
	<Project DefaultStartup="true" Path="MsAccessJetAceTool/MsAccessJetAceTool.csproj" />

</Solution>
